// !$*UTF8*$!
{
	archiveVersion = 1;
	classes = {
	};
	objectVersion = 56;
	objects = {

/* Begin PBXBuildFile section */
		E5FD232B2AB90D360001D329 /* main.cpp in Sources */ = {isa = PBXBuildFile; fileRef = E5FD232A2AB90D360001D329 /* main.cpp */; };
		E5FD233B2ABA10680001D329 /* Assets in CopyFiles */ = {isa = PBXBuildFile; fileRef = E5FD233A2AB90EEA0001D329 /* Assets */; };
		E5FD23402ABA11E00001D329 /* libGlassImageLibV2.dylib in Frameworks */ = {isa = PBXBuildFile; fileRef = E5FD23362AB90E460001D329 /* libGlassImageLibV2.dylib */; };
		E5FD23422ABA11E90001D329 /* OpenCL.framework in Frameworks */ = {isa = PBXBuildFile; fileRef = E5FD23412ABA11E90001D329 /* OpenCL.framework */; };
		E5FD23442ABA12EF0001D329 /* Metal.framework in Frameworks */ = {isa = PBXBuildFile; fileRef = E5FD23432ABA12EF0001D329 /* Metal.framework */; };
		E5FD23462ABA12FB0001D329 /* Foundation.framework in Frameworks */ = {isa = PBXBuildFile; fileRef = E5FD23452ABA12FB0001D329 /* Foundation.framework */; };
		E5FD234D2ABA16F10001D329 /* blur_utils.metal in Sources */ = {isa = PBXBuildFile; fileRef = E5FD234C2ABA16F10001D329 /* blur_utils.metal */; };
		E5FD234F2ABA16F30001D329 /* blur.metal in Sources */ = {isa = PBXBuildFile; fileRef = E5FD234E2ABA16F30001D329 /* blur.metal */; };
/* End PBXBuildFile section */

/* Begin PBXContainerItemProxy section */
		E5FD23352AB90E460001D329 /* PBXContainerItemProxy */ = {
			isa = PBXContainerItemProxy;
			containerPortal = E5FD23312AB90E460001D329 /* GlassImageLibV2.xcodeproj */;
			proxyType = 2;
			remoteGlobalIDString = E5FD22C42AB8FBD20001D329;
			remoteInfo = GlassImageLibV2;
		};
		E5FD233D2ABA11AA0001D329 /* PBXContainerItemProxy */ = {
			isa = PBXContainerItemProxy;
			containerPortal = E5FD23312AB90E460001D329 /* GlassImageLibV2.xcodeproj */;
			proxyType = 1;
			remoteGlobalIDString = E5FD22C32AB8FBD20001D329;
			remoteInfo = GlassImageLibV2;
		};
/* End PBXContainerItemProxy section */

/* Begin PBXCopyFilesBuildPhase section */
		E5FD23252AB90D360001D329 /* CopyFiles */ = {
			isa = PBXCopyFilesBuildPhase;
			buildActionMask = 12;
			dstPath = "";
			dstSubfolderSpec = 16;
			files = (
				E5FD233B2ABA10680001D329 /* Assets in CopyFiles */,
			);
			runOnlyForDeploymentPostprocessing = 0;
		};
/* End PBXCopyFilesBuildPhase section */

/* Begin PBXFileReference section */
		E5FD23272AB90D360001D329 /* GlassImageTestV2 */ = {isa = PBXFileReference; explicitFileType = "compiled.mach-o.executable"; includeInIndex = 0; path = GlassImageTestV2; sourceTree = BUILT_PRODUCTS_DIR; };
		E5FD232A2AB90D360001D329 /* main.cpp */ = {isa = PBXFileReference; lastKnownFileType = sourcecode.cpp.cpp; path = main.cpp; sourceTree = "<group>"; };
		E5FD23312AB90E460001D329 /* GlassImageLibV2.xcodeproj */ = {isa = PBXFileReference; lastKnownFileType = "wrapper.pb-project"; name = GlassImageLibV2.xcodeproj; path = ../GlassImageLibV2/GlassImageLibV2/GlassImageLibV2.xcodeproj; sourceTree = "<group>"; };
		E5FD233A2AB90EEA0001D329 /* Assets */ = {isa = PBXFileReference; lastKnownFileType = folder; name = Assets; path = ../../glsTestV2/Assets; sourceTree = "<group>"; };
		E5FD23412ABA11E90001D329 /* OpenCL.framework */ = {isa = PBXFileReference; lastKnownFileType = wrapper.framework; name = OpenCL.framework; path = System/Library/Frameworks/OpenCL.framework; sourceTree = SDKROOT; };
		E5FD23432ABA12EF0001D329 /* Metal.framework */ = {isa = PBXFileReference; lastKnownFileType = wrapper.framework; name = Metal.framework; path = System/Library/Frameworks/Metal.framework; sourceTree = SDKROOT; };
		E5FD23452ABA12FB0001D329 /* Foundation.framework */ = {isa = PBXFileReference; lastKnownFileType = wrapper.framework; name = Foundation.framework; path = System/Library/Frameworks/Foundation.framework; sourceTree = SDKROOT; };
		E5FD23472ABA13190001D329 /* GlassImageTestV2.entitlements */ = {isa = PBXFileReference; lastKnownFileType = text.plist.entitlements; path = GlassImageTestV2.entitlements; sourceTree = "<group>"; };
		E5FD234C2ABA16F10001D329 /* blur_utils.metal */ = {isa = PBXFileReference; lastKnownFileType = sourcecode.metal; path = blur_utils.metal; sourceTree = "<group>"; };
		E5FD234E2ABA16F30001D329 /* blur.metal */ = {isa = PBXFileReference; lastKnownFileType = sourcecode.metal; path = blur.metal; sourceTree = "<group>"; };
		E5FD23532ABA1CD50001D329 /* Metal */ = {isa = PBXFileReference; lastKnownFileType = folder; name = Metal; path = ../../../include/Metal; sourceTree = "<group>"; };
		E5FD23542ABA1CD50001D329 /* OpenCL */ = {isa = PBXFileReference; lastKnownFileType = folder; name = OpenCL; path = ../../../include/OpenCL; sourceTree = "<group>"; };
/* End PBXFileReference section */

/* Begin PBXFrameworksBuildPhase section */
		E5FD23242AB90D360001D329 /* Frameworks */ = {
			isa = PBXFrameworksBuildPhase;
			buildActionMask = 2147483647;
			files = (
				E5FD23462ABA12FB0001D329 /* Foundation.framework in Frameworks */,
				E5FD23442ABA12EF0001D329 /* Metal.framework in Frameworks */,
				E5FD23422ABA11E90001D329 /* OpenCL.framework in Frameworks */,
				E5FD23402ABA11E00001D329 /* libGlassImageLibV2.dylib in Frameworks */,
			);
			runOnlyForDeploymentPostprocessing = 0;
		};
/* End PBXFrameworksBuildPhase section */

/* Begin PBXGroup section */
		E5FD231E2AB90D360001D329 = {
			isa = PBXGroup;
			children = (
				E5FD233A2AB90EEA0001D329 /* Assets */,
				E5FD23312AB90E460001D329 /* GlassImageLibV2.xcodeproj */,
				E5FD23292AB90D360001D329 /* GlassImageTestV2 */,
				E5FD23282AB90D360001D329 /* Products */,
				E5FD233F2ABA11E00001D329 /* Frameworks */,
			);
			sourceTree = "<group>";
		};
		E5FD23282AB90D360001D329 /* Products */ = {
			isa = PBXGroup;
			children = (
				E5FD23272AB90D360001D329 /* GlassImageTestV2 */,
			);
			name = Products;
			sourceTree = "<group>";
		};
		E5FD23292AB90D360001D329 /* GlassImageTestV2 */ = {
			isa = PBXGroup;
			children = (
				E5FD23472ABA13190001D329 /* GlassImageTestV2.entitlements */,
				E5FD23532ABA1CD50001D329 /* Metal */,
				E5FD23542ABA1CD50001D329 /* OpenCL */,
				E5FD234C2ABA16F10001D329 /* blur_utils.metal */,
				E5FD234E2ABA16F30001D329 /* blur.metal */,
				E5FD232A2AB90D360001D329 /* main.cpp */,
			);
			path = GlassImageTestV2;
			sourceTree = "<group>";
		};
		E5FD23322AB90E460001D329 /* Products */ = {
			isa = PBXGroup;
			children = (
				E5FD23362AB90E460001D329 /* libGlassImageLibV2.dylib */,
			);
			name = Products;
			sourceTree = "<group>";
		};
		E5FD233F2ABA11E00001D329 /* Frameworks */ = {
			isa = PBXGroup;
			children = (
				E5FD23452ABA12FB0001D329 /* Foundation.framework */,
				E5FD23432ABA12EF0001D329 /* Metal.framework */,
				E5FD23412ABA11E90001D329 /* OpenCL.framework */,
			);
			name = Frameworks;
			sourceTree = "<group>";
		};
/* End PBXGroup section */

/* Begin PBXNativeTarget section */
		E5FD23262AB90D360001D329 /* GlassImageTestV2 */ = {
			isa = PBXNativeTarget;
			buildConfigurationList = E5FD232E2AB90D360001D329 /* Build configuration list for PBXNativeTarget "GlassImageTestV2" */;
			buildPhases = (
				E5FD23232AB90D360001D329 /* Sources */,
				E5FD23242AB90D360001D329 /* Frameworks */,
				E5FD23252AB90D360001D329 /* CopyFiles */,
				E5FD23552ABA1F2F0001D329 /* ShellScript */,
			);
			buildRules = (
			);
			dependencies = (
				E5FD233E2ABA11AA0001D329 /* PBXTargetDependency */,
			);
			name = GlassImageTestV2;
			productName = GlassImageTestV2;
			productReference = E5FD23272AB90D360001D329 /* GlassImageTestV2 */;
			productType = "com.apple.product-type.tool";
		};
/* End PBXNativeTarget section */

/* Begin PBXProject section */
		E5FD231F2AB90D360001D329 /* Project object */ = {
			isa = PBXProject;
			attributes = {
				BuildIndependentTargetsInParallel = 1;
				LastUpgradeCheck = 1430;
				TargetAttributes = {
					E5FD23262AB90D360001D329 = {
						CreatedOnToolsVersion = 14.3.1;
					};
				};
			};
			buildConfigurationList = E5FD23222AB90D360001D329 /* Build configuration list for PBXProject "GlassImageTestV2" */;
			compatibilityVersion = "Xcode 14.0";
			developmentRegion = en;
			hasScannedForEncodings = 0;
			knownRegions = (
				en,
				Base,
			);
			mainGroup = E5FD231E2AB90D360001D329;
			productRefGroup = E5FD23282AB90D360001D329 /* Products */;
			projectDirPath = "";
			projectReferences = (
				{
					ProductGroup = E5FD23322AB90E460001D329 /* Products */;
					ProjectRef = E5FD23312AB90E460001D329 /* GlassImageLibV2.xcodeproj */;
				},
			);
			projectRoot = "";
			targets = (
				E5FD23262AB90D360001D329 /* GlassImageTestV2 */,
			);
		};
/* End PBXProject section */

/* Begin PBXReferenceProxy section */
		E5FD23362AB90E460001D329 /* libGlassImageLibV2.dylib */ = {
			isa = PBXReferenceProxy;
			fileType = "compiled.mach-o.dylib";
			path = libGlassImageLibV2.dylib;
			remoteRef = E5FD23352AB90E460001D329 /* PBXContainerItemProxy */;
			sourceTree = BUILT_PRODUCTS_DIR;
		};
/* End PBXReferenceProxy section */

/* Begin PBXShellScriptBuildPhase section */
		E5FD23552ABA1F2F0001D329 /* ShellScript */ = {
			isa = PBXShellScriptBuildPhase;
			alwaysOutOfDate = 1;
			buildActionMask = 2147483647;
			files = (
			);
			inputFileListPaths = (
			);
			inputPaths = (
			);
			outputFileListPaths = (
			);
			outputPaths = (
			);
			runOnlyForDeploymentPostprocessing = 0;
			shellPath = /bin/sh;
			shellScript = "mkdir $BUILT_PRODUCTS_DIR/OpenCL/\ncp $SRCROOT/../../include/OpenCL/gls.h $BUILT_PRODUCTS_DIR/OpenCL/gls.h\ncp $SRCROOT/GlassImageTestV2/blur_utils.metal $BUILT_PRODUCTS_DIR/OpenCL/blur_utils.cl\ncp $SRCROOT/GlassImageTestV2/blur.metal $BUILT_PRODUCTS_DIR/OpenCL/blur.cl\n";
		};
/* End PBXShellScriptBuildPhase section */

/* Begin PBXSourcesBuildPhase section */
		E5FD23232AB90D360001D329 /* Sources */ = {
			isa = PBXSourcesBuildPhase;
			buildActionMask = 2147483647;
			files = (
				E5FD234F2ABA16F30001D329 /* blur.metal in Sources */,
				E5FD234D2ABA16F10001D329 /* blur_utils.metal in Sources */,
				E5FD232B2AB90D360001D329 /* main.cpp in Sources */,
			);
			runOnlyForDeploymentPostprocessing = 0;
		};
/* End PBXSourcesBuildPhase section */

/* Begin PBXTargetDependency section */
		E5FD233E2ABA11AA0001D329 /* PBXTargetDependency */ = {
			isa = PBXTargetDependency;
			name = GlassImageLibV2;
			targetProxy = E5FD233D2ABA11AA0001D329 /* PBXContainerItemProxy */;
		};
/* End PBXTargetDependency section */

/* Begin XCBuildConfiguration section */
		E5FD232C2AB90D360001D329 /* Debug */ = {
			isa = XCBuildConfiguration;
			buildSettings = {
				ALWAYS_SEARCH_USER_PATHS = NO;
				CLANG_ANALYZER_NONNULL = YES;
				CLANG_ANALYZER_NUMBER_OBJECT_CONVERSION = YES_AGGRESSIVE;
				CLANG_CXX_LANGUAGE_STANDARD = "gnu++20";
				CLANG_ENABLE_MODULES = YES;
				CLANG_ENABLE_OBJC_ARC = YES;
				CLANG_ENABLE_OBJC_WEAK = YES;
				CLANG_WARN_BLOCK_CAPTURE_AUTORELEASING = YES;
				CLANG_WARN_BOOL_CONVERSION = YES;
				CLANG_WARN_COMMA = YES;
				CLANG_WARN_CONSTANT_CONVERSION = YES;
				CLANG_WARN_DEPRECATED_OBJC_IMPLEMENTATIONS = YES;
				CLANG_WARN_DIRECT_OBJC_ISA_USAGE = YES_ERROR;
				CLANG_WARN_DOCUMENTATION_COMMENTS = YES;
				CLANG_WARN_EMPTY_BODY = YES;
				CLANG_WARN_ENUM_CONVERSION = YES;
				CLANG_WARN_INFINITE_RECURSION = YES;
				CLANG_WARN_INT_CONVERSION = YES;
				CLANG_WARN_NON_LITERAL_NULL_CONVERSION = YES;
				CLANG_WARN_OBJC_IMPLICIT_RETAIN_SELF = YES;
				CLANG_WARN_OBJC_LITERAL_CONVERSION = YES;
				CLANG_WARN_OBJC_ROOT_CLASS = YES_ERROR;
				CLANG_WARN_QUOTED_INCLUDE_IN_FRAMEWORK_HEADER = YES;
				CLANG_WARN_RANGE_LOOP_ANALYSIS = YES;
				CLANG_WARN_STRICT_PROTOTYPES = YES;
				CLANG_WARN_SUSPICIOUS_MOVE = YES;
				CLANG_WARN_UNGUARDED_AVAILABILITY = YES_AGGRESSIVE;
				CLANG_WARN_UNREACHABLE_CODE = YES;
				CLANG_WARN__DUPLICATE_METHOD_MATCH = YES;
				COPY_PHASE_STRIP = NO;
				DEBUG_INFORMATION_FORMAT = dwarf;
				ENABLE_STRICT_OBJC_MSGSEND = YES;
				ENABLE_TESTABILITY = YES;
				GCC_C_LANGUAGE_STANDARD = gnu11;
				GCC_DYNAMIC_NO_PIC = NO;
				GCC_NO_COMMON_BLOCKS = YES;
				GCC_OPTIMIZATION_LEVEL = 0;
				GCC_PREPROCESSOR_DEFINITIONS = (
					"DEBUG=1",
					"$(inherited)",
				);
				GCC_WARN_64_TO_32_BIT_CONVERSION = YES;
				GCC_WARN_ABOUT_RETURN_TYPE = YES_ERROR;
				GCC_WARN_UNDECLARED_SELECTOR = YES;
				GCC_WARN_UNINITIALIZED_AUTOS = YES_AGGRESSIVE;
				GCC_WARN_UNUSED_FUNCTION = YES;
				GCC_WARN_UNUSED_VARIABLE = YES;
				HEADER_SEARCH_PATHS = (
					"$(SRCROOT)/../../OpenCLHeaders",
					"$(SRCROOT)/../../include",
					"$(SRCROOT)/../../metal-cpp",
				);
				MACOSX_DEPLOYMENT_TARGET = 13.3;
				MTL_ENABLE_DEBUG_INFO = INCLUDE_SOURCE;
				MTL_FAST_MATH = YES;
				MTL_HEADER_SEARCH_PATHS = "$(SRCROOT)/../../include/Metal";
				ONLY_ACTIVE_ARCH = YES;
				SDKROOT = macosx;
			};
			name = Debug;
		};
		E5FD232D2AB90D360001D329 /* Release */ = {
			isa = XCBuildConfiguration;
			buildSettings = {
				ALWAYS_SEARCH_USER_PATHS = NO;
				CLANG_ANALYZER_NONNULL = YES;
				CLANG_ANALYZER_NUMBER_OBJECT_CONVERSION = YES_AGGRESSIVE;
				CLANG_CXX_LANGUAGE_STANDARD = "gnu++20";
				CLANG_ENABLE_MODULES = YES;
				CLANG_ENABLE_OBJC_ARC = YES;
				CLANG_ENABLE_OBJC_WEAK = YES;
				CLANG_WARN_BLOCK_CAPTURE_AUTORELEASING = YES;
				CLANG_WARN_BOOL_CONVERSION = YES;
				CLANG_WARN_COMMA = YES;
				CLANG_WARN_CONSTANT_CONVERSION = YES;
				CLANG_WARN_DEPRECATED_OBJC_IMPLEMENTATIONS = YES;
				CLANG_WARN_DIRECT_OBJC_ISA_USAGE = YES_ERROR;
				CLANG_WARN_DOCUMENTATION_COMMENTS = YES;
				CLANG_WARN_EMPTY_BODY = YES;
				CLANG_WARN_ENUM_CONVERSION = YES;
				CLANG_WARN_INFINITE_RECURSION = YES;
				CLANG_WARN_INT_CONVERSION = YES;
				CLANG_WARN_NON_LITERAL_NULL_CONVERSION = YES;
				CLANG_WARN_OBJC_IMPLICIT_RETAIN_SELF = YES;
				CLANG_WARN_OBJC_LITERAL_CONVERSION = YES;
				CLANG_WARN_OBJC_ROOT_CLASS = YES_ERROR;
				CLANG_WARN_QUOTED_INCLUDE_IN_FRAMEWORK_HEADER = YES;
				CLANG_WARN_RANGE_LOOP_ANALYSIS = YES;
				CLANG_WARN_STRICT_PROTOTYPES = YES;
				CLANG_WARN_SUSPICIOUS_MOVE = YES;
				CLANG_WARN_UNGUARDED_AVAILABILITY = YES_AGGRESSIVE;
				CLANG_WARN_UNREACHABLE_CODE = YES;
				CLANG_WARN__DUPLICATE_METHOD_MATCH = YES;
				COPY_PHASE_STRIP = NO;
				DEBUG_INFORMATION_FORMAT = "dwarf-with-dsym";
				ENABLE_NS_ASSERTIONS = NO;
				ENABLE_STRICT_OBJC_MSGSEND = YES;
				GCC_C_LANGUAGE_STANDARD = gnu11;
				GCC_NO_COMMON_BLOCKS = YES;
				GCC_WARN_64_TO_32_BIT_CONVERSION = YES;
				GCC_WARN_ABOUT_RETURN_TYPE = YES_ERROR;
				GCC_WARN_UNDECLARED_SELECTOR = YES;
				GCC_WARN_UNINITIALIZED_AUTOS = YES_AGGRESSIVE;
				GCC_WARN_UNUSED_FUNCTION = YES;
				GCC_WARN_UNUSED_VARIABLE = YES;
				HEADER_SEARCH_PATHS = (
					"$(SRCROOT)/../../OpenCLHeaders",
					"$(SRCROOT)/../../include",
					"$(SRCROOT)/../../metal-cpp",
				);
				MACOSX_DEPLOYMENT_TARGET = 13.3;
				MTL_ENABLE_DEBUG_INFO = NO;
				MTL_FAST_MATH = YES;
				MTL_HEADER_SEARCH_PATHS = "$(SRCROOT)/../../include/Metal";
				SDKROOT = macosx;
			};
			name = Release;
		};
		E5FD232F2AB90D360001D329 /* Debug */ = {
			isa = XCBuildConfiguration;
			buildSettings = {
				CODE_SIGN_ENTITLEMENTS = GlassImageTestV2/GlassImageTestV2.entitlements;
				CODE_SIGN_STYLE = Automatic;
				DEVELOPMENT_TEAM = 4A4DGXV9V7;
				ENABLE_HARDENED_RUNTIME = YES;
				PRODUCT_NAME = "$(TARGET_NAME)";
			};
			name = Debug;
		};
		E5FD23302AB90D360001D329 /* Release */ = {
			isa = XCBuildConfiguration;
			buildSettings = {
				CODE_SIGN_ENTITLEMENTS = GlassImageTestV2/GlassImageTestV2.entitlements;
				CODE_SIGN_STYLE = Automatic;
				DEVELOPMENT_TEAM = 4A4DGXV9V7;
				ENABLE_HARDENED_RUNTIME = YES;
				PRODUCT_NAME = "$(TARGET_NAME)";
			};
			name = Release;
		};
/* End XCBuildConfiguration section */

/* Begin XCConfigurationList section */
		E5FD23222AB90D360001D329 /* Build configuration list for PBXProject "GlassImageTestV2" */ = {
			isa = XCConfigurationList;
			buildConfigurations = (
				E5FD232C2AB90D360001D329 /* Debug */,
				E5FD232D2AB90D360001D329 /* Release */,
			);
			defaultConfigurationIsVisible = 0;
			defaultConfigurationName = Release;
		};
		E5FD232E2AB90D360001D329 /* Build configuration list for PBXNativeTarget "GlassImageTestV2" */ = {
			isa = XCConfigurationList;
			buildConfigurations = (
				E5FD232F2AB90D360001D329 /* Debug */,
				E5FD23302AB90D360001D329 /* Release */,
			);
			defaultConfigurationIsVisible = 0;
			defaultConfigurationName = Release;
		};
/* End XCConfigurationList section */
	};
	rootObject = E5FD231F2AB90D360001D329 /* Project object */;
}
